{
  "version": 4,
  "terraform_version": "0.14.9",
  "serial": 5,
  "lineage": "c999f904-2f6f-7891-e38f-deebd16b5106",
  "outputs": {},
  "resources": [
    {
      "module": "module.s3-bucket",
      "mode": "managed",
      "type": "yandex_kms_symmetric_key",
      "name": "key",
      "provider": "provider[\"registry.terraform.io/yandex-cloud/yandex\"]",
      "instances": [
        {
          "schema_version": 0,
          "attributes": {
            "created_at": "2021-04-06T18:57:55Z",
            "default_algorithm": "AES_128",
            "description": "description for key",
            "folder_id": "b1ga4qpmadg7vt5lsung",
            "id": "abjq87qbe72aiq2vm2s0",
            "labels": {},
            "name": "example-symetric-key",
            "rotated_at": "",
            "rotation_period": "8760h0m0s",
            "status": "active",
            "timeouts": null
          },
          "sensitive_attributes": [],
          "private": "eyJlMmJmYjczMC1lY2FhLTExZTYtOGY4OC0zNDM2M2JjN2M0YzAiOnsiY3JlYXRlIjo2MDAwMDAwMDAwMCwiZGVsZXRlIjo2MDAwMDAwMDAwMCwicmVhZCI6NjAwMDAwMDAwMDAsInVwZGF0ZSI6NjAwMDAwMDAwMDB9fQ=="
        }
      ]
    },
    {
      "module": "module.s3-bucket",
      "mode": "managed",
      "type": "yandex_storage_bucket",
      "name": "tf-backend",
      "provider": "provider[\"registry.terraform.io/yandex-cloud/yandex\"]",
      "instances": [
        {
          "schema_version": 0,
          "attributes": {
            "access_key": "VYrTmI9ZhCCbaFQpaq4V",
            "acl": "private",
            "bucket": "my-tf-test-bucket",
            "bucket_domain_name": "my-tf-test-bucket.storage.yandexcloud.net",
            "bucket_prefix": null,
            "cors_rule": [],
            "force_destroy": false,
            "grant": [],
            "id": "my-tf-test-bucket",
            "lifecycle_rule": [],
            "logging": [],
            "policy": null,
            "secret_key": "38RD8TPVKgUKIBw-07cKESsZ0MqJoWQ5VKuvOOeZ",
            "server_side_encryption_configuration": [
              {
                "rule": [
                  {
                    "apply_server_side_encryption_by_default": [
                      {
                        "kms_master_key_id": "abjq87qbe72aiq2vm2s0",
                        "sse_algorithm": "aws:kms"
                      }
                    ]
                  }
                ]
              }
            ],
            "versioning": [
              {
                "enabled": true
              }
            ],
            "website": [],
            "website_domain": null,
            "website_endpoint": null
          },
          "sensitive_attributes": [],
          "private": "bnVsbA==",
          "dependencies": [
            "module.s3-bucket.yandex_kms_symmetric_key.key"
          ]
        }
      ]
    }
  ]
}
